
Microsoft Visual Studio Solution File, Format Version 12.00
# Visual Studio 15
VisualStudioVersion = 15.0.27703.2042
MinimumVisualStudioVersion = 10.0.40219.1
Project("{8BC9CEB8-8B4A-11D0-8D11-00A0C91BC942}") = "Starlight", "Starlight\Starlight.vcxproj", "{03C2889D-1DC4-404D-A23A-9694B1B6B30D}"
EndProject
Global
	GlobalSection(SolutionConfigurationPlatforms) = preSolution
		Debug|x64 = Debug|x64
		Debug|x86 = Debug|x86
		Release|x64 = Release|x64
		Release|x86 = Release|x86
	EndGlobalSection
	GlobalSection(ProjectConfigurationPlatforms) = postSolution
		{03C2889D-1DC4-404D-A23A-9694B1B6B30D}.Debug|x64.ActiveCfg = Debug|x64
		{03C2889D-1DC4-404D-A23A-9694B1B6B30D}.Debug|x64.Build.0 = Debug|x64
		{03C2889D-1DC4-404D-A23A-9694B1B6B30D}.Debug|x86.ActiveCfg = Debug|Win32
		{03C2889D-1DC4-404D-A23A-9694B1B6B30D}.Debug|x86.Build.0 = Debug|Win32
		{03C2889D-1DC4-404D-A23A-9694B1B6B30D}.Release|x64.ActiveCfg = Release|x64
		{03C2889D-1DC4-404D-A23A-9694B1B6B30D}.Release|x64.Build.0 = Release|x64
		{03C2889D-1DC4-404D-A23A-9694B1B6B30D}.Release|x86.ActiveCfg = Release|Win32
		{03C2889D-1DC4-404D-A23A-9694B1B6B30D}.Release|x86.Build.0 = Release|Win32
	EndGlobalSection
	GlobalSection(SolutionProperties) = preSolution
		HideSolutionNode = FALSE
	EndGlobalSection
	GlobalSection(ExtensibilityGlobals) = postSolution
		SolutionGuid = {F142E241-9614-4A50-B492-69DEAA839403}
	EndGlobalSection
EndGlobal
